
Microsoft Visual Studio Solution File, Format Version 12.00
# Visual Studio 2013
VisualStudioVersion = 12.0.21005.1
MinimumVisualStudioVersion = 10.0.40219.1
Project("{FAE04EC0-301F-11D3-BF4B-00C04F79EFBC}") = "Graphs", "Graphs\Graphs.csproj", "{122F4F29-8811-4C60-8CD7-3B029FF217C6}"
EndProject
Project("{FAE04EC0-301F-11D3-BF4B-00C04F79EFBC}") = "ConsoleApplication1", "ConsoleApplication1\ConsoleApplication1.csproj", "{A17A244B-0767-4EE5-A8D1-9A1A25362D0A}"
EndProject
Global
	GlobalSection(SolutionConfigurationPlatforms) = preSolution
		Debug|Any CPU = Debug|Any CPU
		Release|Any CPU = Release|Any CPU
	EndGlobalSection
	GlobalSection(ProjectConfigurationPlatforms) = postSolution
		{122F4F29-8811-4C60-8CD7-3B029FF217C6}.Debug|Any CPU.ActiveCfg = Debug|Any CPU
		{122F4F29-8811-4C60-8CD7-3B029FF217C6}.Debug|Any CPU.Build.0 = Debug|Any CPU
		{122F4F29-8811-4C60-8CD7-3B029FF217C6}.Release|Any CPU.ActiveCfg = Release|Any CPU
		{122F4F29-8811-4C60-8CD7-3B029FF217C6}.Release|Any CPU.Build.0 = Release|Any CPU
		{A17A244B-0767-4EE5-A8D1-9A1A25362D0A}.Debug|Any CPU.ActiveCfg = Debug|Any CPU
		{A17A244B-0767-4EE5-A8D1-9A1A25362D0A}.Debug|Any CPU.Build.0 = Debug|Any CPU
		{A17A244B-0767-4EE5-A8D1-9A1A25362D0A}.Release|Any CPU.ActiveCfg = Release|Any CPU
		{A17A244B-0767-4EE5-A8D1-9A1A25362D0A}.Release|Any CPU.Build.0 = Release|Any CPU
	EndGlobalSection
	GlobalSection(SolutionProperties) = preSolution
		HideSolutionNode = FALSE
	EndGlobalSection
EndGlobal
